PODS:
  - ObjectMapper (3.0.0)
  - RxSwift (4.0.0-rc.0)
  - STTwitter (0.2.6)
  - TwitterVideoUploader (0.2.0):
    - ObjectMapper (= 3.0.0)
    - RxSwift (= 4.0.0-rc.0)
    - STTwitter

DEPENDENCIES:
  - TwitterVideoUploader (from `../`)

EXTERNAL SOURCES:
  TwitterVideoUploader:
    :path: ../

SPEC CHECKSUMS:
  ObjectMapper: 92230db59bf8f341a5c3a3cf0b9fbdde3cf0d87f
  RxSwift: 1dd09ceb11531c39adff4efe23556b1484e16967
  STTwitter: 30ee2f79eff78c3d633a1edc869e97db9c9ead59
  TwitterVideoUploader: e54a0adae1696eb9dbf7c92a9d53977582198900

PODFILE CHECKSUM: 3f2841d5b6cc425a99a396fc5f2648d8cb397c96

COCOAPODS: 1.3.1
